
Microsoft Visual Studio Solution File, Format Version 12.00
# Visual Studio 15
VisualStudioVersion = 15.0.27004.2008
MinimumVisualStudioVersion = 10.0.40219.1
Project("{FAE04EC0-301F-11D3-BF4B-00C04F79EFBC}") = "ConsoleApp1", "ConsoleApp1\ConsoleApp1.csproj", "{341C7652-5499-46C9-9C31-1DE5812ABD37}"
EndProject
Global
	GlobalSection(SolutionConfigurationPlatforms) = preSolution
		Debug|Any CPU = Debug|Any CPU
		Release|Any CPU = Release|Any CPU
	EndGlobalSection
	GlobalSection(ProjectConfigurationPlatforms) = postSolution
		{341C7652-5499-46C9-9C31-1DE5812ABD37}.Debug|Any CPU.ActiveCfg = Debug|Any CPU
		{341C7652-5499-46C9-9C31-1DE5812ABD37}.Debug|Any CPU.Build.0 = Debug|Any CPU
		{341C7652-5499-46C9-9C31-1DE5812ABD37}.Release|Any CPU.ActiveCfg = Release|Any CPU
		{341C7652-5499-46C9-9C31-1DE5812ABD37}.Release|Any CPU.Build.0 = Release|Any CPU
	EndGlobalSection
	GlobalSection(SolutionProperties) = preSolution
		HideSolutionNode = FALSE
	EndGlobalSection
	GlobalSection(ExtensibilityGlobals) = postSolution
		SolutionGuid = {157C88EC-5A45-4F11-A615-50B291769725}
	EndGlobalSection
EndGlobal
